
Microsoft Visual Studio Solution File, Format Version 12.00
# Visual Studio Version 17
VisualStudioVersion = 17.5.33502.453
MinimumVisualStudioVersion = 10.0.40219.1
Project("{FAE04EC0-301F-11D3-BF4B-00C04F79EFBC}") = "Enums", "Enums\Enums.csproj", "{4264928A-FB19-4413-B08A-B5A551433561}"
EndProject
Global
	GlobalSection(SolutionConfigurationPlatforms) = preSolution
		Debug|Any CPU = Debug|Any CPU
		Release|Any CPU = Release|Any CPU
	EndGlobalSection
	GlobalSection(ProjectConfigurationPlatforms) = postSolution
		{4264928A-FB19-4413-B08A-B5A551433561}.Debug|Any CPU.ActiveCfg = Debug|Any CPU
		{4264928A-FB19-4413-B08A-B5A551433561}.Debug|Any CPU.Build.0 = Debug|Any CPU
		{4264928A-FB19-4413-B08A-B5A551433561}.Release|Any CPU.ActiveCfg = Release|Any CPU
		{4264928A-FB19-4413-B08A-B5A551433561}.Release|Any CPU.Build.0 = Release|Any CPU
	EndGlobalSection
	GlobalSection(SolutionProperties) = preSolution
		HideSolutionNode = FALSE
	EndGlobalSection
	GlobalSection(ExtensibilityGlobals) = postSolution
		SolutionGuid = {685BABEC-38EF-4EEA-91AB-41C8B40AA671}
	EndGlobalSection
EndGlobal
