
Microsoft Visual Studio Solution File, Format Version 12.00
# Visual Studio Version 17
VisualStudioVersion = 17.3.32825.248
MinimumVisualStudioVersion = 10.0.40219.1
Project("{FAE04EC0-301F-11D3-BF4B-00C04F79EFBC}") = "ClassVsStructVsRecord", "ClassVsStructVsRecord\ClassVsStructVsRecord.csproj", "{5261F298-CE9E-4D37-B3FE-5D844C712969}"
EndProject
Global
	GlobalSection(SolutionConfigurationPlatforms) = preSolution
		Debug|Any CPU = Debug|Any CPU
		Release|Any CPU = Release|Any CPU
	EndGlobalSection
	GlobalSection(ProjectConfigurationPlatforms) = postSolution
		{5261F298-CE9E-4D37-B3FE-5D844C712969}.Debug|Any CPU.ActiveCfg = Debug|Any CPU
		{5261F298-CE9E-4D37-B3FE-5D844C712969}.Debug|Any CPU.Build.0 = Debug|Any CPU
		{5261F298-CE9E-4D37-B3FE-5D844C712969}.Release|Any CPU.ActiveCfg = Release|Any CPU
		{5261F298-CE9E-4D37-B3FE-5D844C712969}.Release|Any CPU.Build.0 = Release|Any CPU
	EndGlobalSection
	GlobalSection(SolutionProperties) = preSolution
		HideSolutionNode = FALSE
	EndGlobalSection
	GlobalSection(ExtensibilityGlobals) = postSolution
		SolutionGuid = {4C2B0675-E27C-4DAF-8557-47658617BF0A}
	EndGlobalSection
EndGlobal
