
Microsoft Visual Studio Solution File, Format Version 12.00
# Visual Studio Version 17
VisualStudioVersion = 17.6.33815.320
MinimumVisualStudioVersion = 10.0.40219.1
Project("{FAE04EC0-301F-11D3-BF4B-00C04F79EFBC}") = "SystemDiagnosticsActivityExamples", "SystemDiagnosticsActivityExamples\SystemDiagnosticsActivityExamples.csproj", "{3E33361B-7AD0-4C81-A2AF-FF343075DB09}"
EndProject
Global
	GlobalSection(SolutionConfigurationPlatforms) = preSolution
		Debug|Any CPU = Debug|Any CPU
		Release|Any CPU = Release|Any CPU
	EndGlobalSection
	GlobalSection(ProjectConfigurationPlatforms) = postSolution
		{3E33361B-7AD0-4C81-A2AF-FF343075DB09}.Debug|Any CPU.ActiveCfg = Debug|Any CPU
		{3E33361B-7AD0-4C81-A2AF-FF343075DB09}.Debug|Any CPU.Build.0 = Debug|Any CPU
		{3E33361B-7AD0-4C81-A2AF-FF343075DB09}.Release|Any CPU.ActiveCfg = Release|Any CPU
		{3E33361B-7AD0-4C81-A2AF-FF343075DB09}.Release|Any CPU.Build.0 = Release|Any CPU
	EndGlobalSection
	GlobalSection(SolutionProperties) = preSolution
		HideSolutionNode = FALSE
	EndGlobalSection
	GlobalSection(ExtensibilityGlobals) = postSolution
		SolutionGuid = {DA010694-A6FA-4187-A9D7-612D85FC72E2}
	EndGlobalSection
EndGlobal
