
Microsoft Visual Studio Solution File, Format Version 12.00
# Visual Studio Version 17
VisualStudioVersion = 17.4.33205.214
MinimumVisualStudioVersion = 10.0.40219.1
Project("{FAE04EC0-301F-11D3-BF4B-00C04F79EFBC}") = "ImproveCodePerformanceWithSpan", "ImproveCodePerformanceWithSpan\ImproveCodePerformanceWithSpan.csproj", "{D568D449-D47B-4477-B759-254BFB20D078}"
EndProject
Global
	GlobalSection(SolutionConfigurationPlatforms) = preSolution
		Debug|Any CPU = Debug|Any CPU
		Release|Any CPU = Release|Any CPU
	EndGlobalSection
	GlobalSection(ProjectConfigurationPlatforms) = postSolution
		{D568D449-D47B-4477-B759-254BFB20D078}.Debug|Any CPU.ActiveCfg = Debug|Any CPU
		{D568D449-D47B-4477-B759-254BFB20D078}.Debug|Any CPU.Build.0 = Debug|Any CPU
		{D568D449-D47B-4477-B759-254BFB20D078}.Release|Any CPU.ActiveCfg = Release|Any CPU
		{D568D449-D47B-4477-B759-254BFB20D078}.Release|Any CPU.Build.0 = Release|Any CPU
	EndGlobalSection
	GlobalSection(SolutionProperties) = preSolution
		HideSolutionNode = FALSE
	EndGlobalSection
	GlobalSection(ExtensibilityGlobals) = postSolution
		SolutionGuid = {EEAF20B7-DC46-4362-884D-B803052AD35E}
	EndGlobalSection
EndGlobal
