
Microsoft Visual Studio Solution File, Format Version 12.00
# Visual Studio 15
VisualStudioVersion = 15.0.28010.2019
MinimumVisualStudioVersion = 10.0.40219.1
Project("{FAE04EC0-301F-11D3-BF4B-00C04F79EFBC}") = "ExpressionTrees", "ExpressionTrees\ExpressionTrees.csproj", "{0EE25061-DDCA-4506-B542-B906C6C9C38E}"
EndProject
Project("{FAE04EC0-301F-11D3-BF4B-00C04F79EFBC}") = "ExpressionTreesExamples", "ExpressionTreesExamples\ExpressionTreesExamples.csproj", "{72D07AA1-D319-4F6D-834C-5C6C0ABA7E62}"
EndProject
Global
	GlobalSection(SolutionConfigurationPlatforms) = preSolution
		Debug|Any CPU = Debug|Any CPU
		Release|Any CPU = Release|Any CPU
	EndGlobalSection
	GlobalSection(ProjectConfigurationPlatforms) = postSolution
		{0EE25061-DDCA-4506-B542-B906C6C9C38E}.Debug|Any CPU.ActiveCfg = Debug|Any CPU
		{0EE25061-DDCA-4506-B542-B906C6C9C38E}.Debug|Any CPU.Build.0 = Debug|Any CPU
		{0EE25061-DDCA-4506-B542-B906C6C9C38E}.Release|Any CPU.ActiveCfg = Release|Any CPU
		{0EE25061-DDCA-4506-B542-B906C6C9C38E}.Release|Any CPU.Build.0 = Release|Any CPU
		{72D07AA1-D319-4F6D-834C-5C6C0ABA7E62}.Debug|Any CPU.ActiveCfg = Debug|Any CPU
		{72D07AA1-D319-4F6D-834C-5C6C0ABA7E62}.Debug|Any CPU.Build.0 = Debug|Any CPU
		{72D07AA1-D319-4F6D-834C-5C6C0ABA7E62}.Release|Any CPU.ActiveCfg = Release|Any CPU
		{72D07AA1-D319-4F6D-834C-5C6C0ABA7E62}.Release|Any CPU.Build.0 = Release|Any CPU
	EndGlobalSection
	GlobalSection(SolutionProperties) = preSolution
		HideSolutionNode = FALSE
	EndGlobalSection
	GlobalSection(ExtensibilityGlobals) = postSolution
		SolutionGuid = {447C0831-254F-43F2-A640-2A8E682C41FB}
	EndGlobalSection
EndGlobal
