
Microsoft Visual Studio Solution File, Format Version 12.00
# Visual Studio Version 16
VisualStudioVersion = 16.0.31025.194
MinimumVisualStudioVersion = 10.0.40219.1
Project("{FAE04EC0-301F-11D3-BF4B-00C04F79EFBC}") = "CultureInfoExamples", "CultureInfoExamples\CultureInfoExamples.csproj", "{DC1A2DD9-D81D-473A-939E-320D08058268}"
EndProject
Project("{FAE04EC0-301F-11D3-BF4B-00C04F79EFBC}") = "CultureInWinForms", "CultureInWinForms\CultureInWinForms.csproj", "{C9BC99AC-2BF1-40CB-A901-0599F32ECCFE}"
EndProject
Global
	GlobalSection(SolutionConfigurationPlatforms) = preSolution
		Debug|Any CPU = Debug|Any CPU
		Release|Any CPU = Release|Any CPU
	EndGlobalSection
	GlobalSection(ProjectConfigurationPlatforms) = postSolution
		{DC1A2DD9-D81D-473A-939E-320D08058268}.Debug|Any CPU.ActiveCfg = Debug|Any CPU
		{DC1A2DD9-D81D-473A-939E-320D08058268}.Debug|Any CPU.Build.0 = Debug|Any CPU
		{DC1A2DD9-D81D-473A-939E-320D08058268}.Release|Any CPU.ActiveCfg = Release|Any CPU
		{DC1A2DD9-D81D-473A-939E-320D08058268}.Release|Any CPU.Build.0 = Release|Any CPU
		{C9BC99AC-2BF1-40CB-A901-0599F32ECCFE}.Debug|Any CPU.ActiveCfg = Debug|Any CPU
		{C9BC99AC-2BF1-40CB-A901-0599F32ECCFE}.Debug|Any CPU.Build.0 = Debug|Any CPU
		{C9BC99AC-2BF1-40CB-A901-0599F32ECCFE}.Release|Any CPU.ActiveCfg = Release|Any CPU
		{C9BC99AC-2BF1-40CB-A901-0599F32ECCFE}.Release|Any CPU.Build.0 = Release|Any CPU
	EndGlobalSection
	GlobalSection(SolutionProperties) = preSolution
		HideSolutionNode = FALSE
	EndGlobalSection
	GlobalSection(ExtensibilityGlobals) = postSolution
		SolutionGuid = {0C0AC4B2-1FB4-44D2-96D7-9289F75A95CC}
	EndGlobalSection
EndGlobal
