
Microsoft Visual Studio Solution File, Format Version 12.00
# Visual Studio Version 17
VisualStudioVersion = 17.3.32825.248
MinimumVisualStudioVersion = 10.0.40219.1
Project("{FAE04EC0-301F-11D3-BF4B-00C04F79EFBC}") = "SerializationDeserialization", "SerializationDeserialization\SerializationDeserialization.csproj", "{63233BBD-E21A-445D-81FC-B03C2FFB625A}"
EndProject
Global
	GlobalSection(SolutionConfigurationPlatforms) = preSolution
		Debug|Any CPU = Debug|Any CPU
		Release|Any CPU = Release|Any CPU
	EndGlobalSection
	GlobalSection(ProjectConfigurationPlatforms) = postSolution
		{63233BBD-E21A-445D-81FC-B03C2FFB625A}.Debug|Any CPU.ActiveCfg = Debug|Any CPU
		{63233BBD-E21A-445D-81FC-B03C2FFB625A}.Debug|Any CPU.Build.0 = Debug|Any CPU
		{63233BBD-E21A-445D-81FC-B03C2FFB625A}.Release|Any CPU.ActiveCfg = Release|Any CPU
		{63233BBD-E21A-445D-81FC-B03C2FFB625A}.Release|Any CPU.Build.0 = Release|Any CPU
	EndGlobalSection
	GlobalSection(SolutionProperties) = preSolution
		HideSolutionNode = FALSE
	EndGlobalSection
	GlobalSection(ExtensibilityGlobals) = postSolution
		SolutionGuid = {3B01E500-08EF-4D86-9C28-3A5808A2568F}
	EndGlobalSection
EndGlobal
