
Microsoft Visual Studio Solution File, Format Version 12.00
# Visual Studio Version 16
VisualStudioVersion = 16.0.31025.194
MinimumVisualStudioVersion = 10.0.40219.1
Project("{FAE04EC0-301F-11D3-BF4B-00C04F79EFBC}") = "MultiTargeting", "MultiTargeting\MultiTargeting.csproj", "{4BDF1677-E83C-4BBA-9C10-76E8C9E4D143}"
EndProject
Global
	GlobalSection(SolutionConfigurationPlatforms) = preSolution
		Debug|Any CPU = Debug|Any CPU
		Release|Any CPU = Release|Any CPU
	EndGlobalSection
	GlobalSection(ProjectConfigurationPlatforms) = postSolution
		{4BDF1677-E83C-4BBA-9C10-76E8C9E4D143}.Debug|Any CPU.ActiveCfg = Debug|Any CPU
		{4BDF1677-E83C-4BBA-9C10-76E8C9E4D143}.Debug|Any CPU.Build.0 = Debug|Any CPU
		{4BDF1677-E83C-4BBA-9C10-76E8C9E4D143}.Release|Any CPU.ActiveCfg = Release|Any CPU
		{4BDF1677-E83C-4BBA-9C10-76E8C9E4D143}.Release|Any CPU.Build.0 = Release|Any CPU
	EndGlobalSection
	GlobalSection(SolutionProperties) = preSolution
		HideSolutionNode = FALSE
	EndGlobalSection
	GlobalSection(ExtensibilityGlobals) = postSolution
		SolutionGuid = {7FEC7919-3005-4B26-BBBF-93F2543FE6C0}
	EndGlobalSection
EndGlobal
